
Microsoft Visual Studio Solution File, Format Version 12.00
# Visual Studio 15
VisualStudioVersion = 15.0.27428.2002
MinimumVisualStudioVersion = 10.0.40219.1
Project("{FAE04EC0-301F-11D3-BF4B-00C04F79EFBC}") = "Gst.Tests", "Gst.Tests\Gst.Tests.csproj", "{66A21D90-1786-4E1B-84BA-9544D8941F7B}"
EndProject
Global
	GlobalSection(SolutionConfigurationPlatforms) = preSolution
		Debug|Any CPU = Debug|Any CPU
		Release|Any CPU = Release|Any CPU
	EndGlobalSection
	GlobalSection(ProjectConfigurationPlatforms) = postSolution
		{66A21D90-1786-4E1B-84BA-9544D8941F7B}.Debug|Any CPU.ActiveCfg = Debug|Any CPU
		{66A21D90-1786-4E1B-84BA-9544D8941F7B}.Debug|Any CPU.Build.0 = Debug|Any CPU
		{66A21D90-1786-4E1B-84BA-9544D8941F7B}.Release|Any CPU.ActiveCfg = Release|Any CPU
		{66A21D90-1786-4E1B-84BA-9544D8941F7B}.Release|Any CPU.Build.0 = Release|Any CPU
	EndGlobalSection
	GlobalSection(SolutionProperties) = preSolution
		HideSolutionNode = FALSE
	EndGlobalSection
	GlobalSection(ExtensibilityGlobals) = postSolution
		SolutionGuid = {8FC2D10B-CF15-4435-8A36-9122DED30E41}
	EndGlobalSection
EndGlobal
